
Microsoft Visual Studio Solution File, Format Version 12.00
Project("{FAE04EC0-301F-11D3-BF4B-00C04F79EFBC}") = "WM.TheGame.Infrastructure", "WM.TheGame.Infrastructure\WM.TheGame.Infrastructure.csproj", "{7907903E-6D84-474C-818D-26E89EF7669E}"
EndProject
Project("{FAE04EC0-301F-11D3-BF4B-00C04F79EFBC}") = "WM.TheGame.SiloFirst", "WM.TheGame.SiloFirst\WM.TheGame.SiloFirst.csproj", "{F55CA9FA-E824-4BBC-81D8-03BBDFAA96FB}"
EndProject
Project("{FAE04EC0-301F-11D3-BF4B-00C04F79EFBC}") = "WM.TheGame.SiloSecond", "WM.TheGame.SiloSecond\WM.TheGame.SiloSecond.csproj", "{3B5ACC4C-B986-480A-B853-FC2BA90C5FBF}"
EndProject
Project("{FAE04EC0-301F-11D3-BF4B-00C04F79EFBC}") = "WM.TheGame.WebApi", "WM.TheGame.WebApi\WM.TheGame.WebApi.csproj", "{2778E0CC-E5D0-4CDB-BD0E-C2B7B897E6D2}"
EndProject
Project("{FAE04EC0-301F-11D3-BF4B-00C04F79EFBC}") = "WM.TheGame.Contracts", "WM.TheGame.Contracts\WM.TheGame.Contracts.csproj", "{94F45C8A-FDF1-44E5-B65F-5B817E854A60}"
EndProject
Global
	GlobalSection(SolutionConfigurationPlatforms) = preSolution
		Debug|Any CPU = Debug|Any CPU
		Release|Any CPU = Release|Any CPU
	EndGlobalSection
	GlobalSection(ProjectConfigurationPlatforms) = postSolution
		{7907903E-6D84-474C-818D-26E89EF7669E}.Debug|Any CPU.ActiveCfg = Debug|Any CPU
		{7907903E-6D84-474C-818D-26E89EF7669E}.Debug|Any CPU.Build.0 = Debug|Any CPU
		{7907903E-6D84-474C-818D-26E89EF7669E}.Release|Any CPU.ActiveCfg = Release|Any CPU
		{7907903E-6D84-474C-818D-26E89EF7669E}.Release|Any CPU.Build.0 = Release|Any CPU
		{F55CA9FA-E824-4BBC-81D8-03BBDFAA96FB}.Debug|Any CPU.ActiveCfg = Debug|Any CPU
		{F55CA9FA-E824-4BBC-81D8-03BBDFAA96FB}.Debug|Any CPU.Build.0 = Debug|Any CPU
		{F55CA9FA-E824-4BBC-81D8-03BBDFAA96FB}.Release|Any CPU.ActiveCfg = Release|Any CPU
		{F55CA9FA-E824-4BBC-81D8-03BBDFAA96FB}.Release|Any CPU.Build.0 = Release|Any CPU
		{3B5ACC4C-B986-480A-B853-FC2BA90C5FBF}.Debug|Any CPU.ActiveCfg = Debug|Any CPU
		{3B5ACC4C-B986-480A-B853-FC2BA90C5FBF}.Debug|Any CPU.Build.0 = Debug|Any CPU
		{3B5ACC4C-B986-480A-B853-FC2BA90C5FBF}.Release|Any CPU.ActiveCfg = Release|Any CPU
		{3B5ACC4C-B986-480A-B853-FC2BA90C5FBF}.Release|Any CPU.Build.0 = Release|Any CPU
		{2778E0CC-E5D0-4CDB-BD0E-C2B7B897E6D2}.Debug|Any CPU.ActiveCfg = Debug|Any CPU
		{2778E0CC-E5D0-4CDB-BD0E-C2B7B897E6D2}.Debug|Any CPU.Build.0 = Debug|Any CPU
		{2778E0CC-E5D0-4CDB-BD0E-C2B7B897E6D2}.Release|Any CPU.ActiveCfg = Release|Any CPU
		{2778E0CC-E5D0-4CDB-BD0E-C2B7B897E6D2}.Release|Any CPU.Build.0 = Release|Any CPU
		{94F45C8A-FDF1-44E5-B65F-5B817E854A60}.Debug|Any CPU.ActiveCfg = Debug|Any CPU
		{94F45C8A-FDF1-44E5-B65F-5B817E854A60}.Debug|Any CPU.Build.0 = Debug|Any CPU
		{94F45C8A-FDF1-44E5-B65F-5B817E854A60}.Release|Any CPU.ActiveCfg = Release|Any CPU
		{94F45C8A-FDF1-44E5-B65F-5B817E854A60}.Release|Any CPU.Build.0 = Release|Any CPU
	EndGlobalSection
EndGlobal
