
Microsoft Visual Studio Solution File, Format Version 12.00
Project("{2150E333-8FDC-42A3-9474-1A3956D46DE8}") = "Docs", "Docs", "{9AD7439A-5044-4B14-851C-CE739616BB23}"
EndProject
Project("{2150E333-8FDC-42A3-9474-1A3956D46DE8}") = "SQL", "SQL", "{C8F010E3-C9E7-4E38-BF3E-3246278F0281}"
EndProject
Project("{FAE04EC0-301F-11D3-BF4B-00C04F79EFBC}") = "WM.TheGame.Infrastructure", "WM.TheGame.Infrastructure\WM.TheGame.Infrastructure.csproj", "{16B28F01-F2CB-481C-A50F-44AD5A88D8A4}"
EndProject
Project("{FAE04EC0-301F-11D3-BF4B-00C04F79EFBC}") = "WW.TheGame.Silo", "WW.TheGame.Silo\WW.TheGame.Silo.csproj", "{018B6074-1764-46DF-8118-992B3FEF00AE}"
EndProject
Project("{FAE04EC0-301F-11D3-BF4B-00C04F79EFBC}") = "WW.TheGame.SiloSecond", "WW.TheGame.SiloSecond\WW.TheGame.SiloSecond.csproj", "{F10F5EB3-E84D-428C-A6D4-7D68780DD8CD}"
EndProject
Project("{FAE04EC0-301F-11D3-BF4B-00C04F79EFBC}") = "WM.TheGame.Grains", "WM.TheGame.Grains\WM.TheGame.Grains.csproj", "{775C475D-2F5B-4CD2-B206-F14C609BDEDE}"
EndProject
Global
	GlobalSection(SolutionConfigurationPlatforms) = preSolution
		Debug|Any CPU = Debug|Any CPU
		Release|Any CPU = Release|Any CPU
	EndGlobalSection
	GlobalSection(ProjectConfigurationPlatforms) = postSolution
		{16B28F01-F2CB-481C-A50F-44AD5A88D8A4}.Debug|Any CPU.ActiveCfg = Debug|Any CPU
		{16B28F01-F2CB-481C-A50F-44AD5A88D8A4}.Debug|Any CPU.Build.0 = Debug|Any CPU
		{16B28F01-F2CB-481C-A50F-44AD5A88D8A4}.Release|Any CPU.ActiveCfg = Release|Any CPU
		{16B28F01-F2CB-481C-A50F-44AD5A88D8A4}.Release|Any CPU.Build.0 = Release|Any CPU
		{018B6074-1764-46DF-8118-992B3FEF00AE}.Debug|Any CPU.ActiveCfg = Debug|Any CPU
		{018B6074-1764-46DF-8118-992B3FEF00AE}.Debug|Any CPU.Build.0 = Debug|Any CPU
		{018B6074-1764-46DF-8118-992B3FEF00AE}.Release|Any CPU.ActiveCfg = Release|Any CPU
		{018B6074-1764-46DF-8118-992B3FEF00AE}.Release|Any CPU.Build.0 = Release|Any CPU
		{F10F5EB3-E84D-428C-A6D4-7D68780DD8CD}.Debug|Any CPU.ActiveCfg = Debug|Any CPU
		{F10F5EB3-E84D-428C-A6D4-7D68780DD8CD}.Debug|Any CPU.Build.0 = Debug|Any CPU
		{F10F5EB3-E84D-428C-A6D4-7D68780DD8CD}.Release|Any CPU.ActiveCfg = Release|Any CPU
		{F10F5EB3-E84D-428C-A6D4-7D68780DD8CD}.Release|Any CPU.Build.0 = Release|Any CPU
		{775C475D-2F5B-4CD2-B206-F14C609BDEDE}.Debug|Any CPU.ActiveCfg = Debug|Any CPU
		{775C475D-2F5B-4CD2-B206-F14C609BDEDE}.Debug|Any CPU.Build.0 = Debug|Any CPU
		{775C475D-2F5B-4CD2-B206-F14C609BDEDE}.Release|Any CPU.ActiveCfg = Release|Any CPU
		{775C475D-2F5B-4CD2-B206-F14C609BDEDE}.Release|Any CPU.Build.0 = Release|Any CPU
	EndGlobalSection
	GlobalSection(NestedProjects) = preSolution
		{C8F010E3-C9E7-4E38-BF3E-3246278F0281} = {9AD7439A-5044-4B14-851C-CE739616BB23}
	EndGlobalSection
EndGlobal
