
Microsoft Visual Studio Solution File, Format Version 12.00
Project("{2150E333-8FDC-42A3-9474-1A3956D46DE8}") = "Docs", "Docs", "{9AD7439A-5044-4B14-851C-CE739616BB23}"
EndProject
Project("{2150E333-8FDC-42A3-9474-1A3956D46DE8}") = "SQL", "SQL", "{C8F010E3-C9E7-4E38-BF3E-3246278F0281}"
EndProject
Project("{FAE04EC0-301F-11D3-BF4B-00C04F79EFBC}") = "WM.TheGame.Infrastructure", "WM.TheGame.Infrastructure\WM.TheGame.Infrastructure.csproj", "{16B28F01-F2CB-481C-A50F-44AD5A88D8A4}"
EndProject
Project("{FAE04EC0-301F-11D3-BF4B-00C04F79EFBC}") = "WM.TheGame.Client", "WM.TheGame.Client\WM.TheGame.Client.csproj", "{7CADFA86-98EA-4C67-8D8E-7F838CAAB31E}"
EndProject
Project("{FAE04EC0-301F-11D3-BF4B-00C04F79EFBC}") = "WM.TheGame.SiloFirst", "WM.TheGame.SiloFirst\WM.TheGame.SiloFirst.csproj", "{8586BB47-BBF3-4358-B209-78B30151210F}"
EndProject
Project("{FAE04EC0-301F-11D3-BF4B-00C04F79EFBC}") = "WM.TheGame.Contracts", "WM.TheGame.Contracts\WM.TheGame.Contracts.csproj", "{7D8B2F04-8498-495E-9161-552CF99CDE69}"
EndProject
Global
	GlobalSection(SolutionConfigurationPlatforms) = preSolution
		Debug|Any CPU = Debug|Any CPU
		Release|Any CPU = Release|Any CPU
	EndGlobalSection
	GlobalSection(ProjectConfigurationPlatforms) = postSolution
		{16B28F01-F2CB-481C-A50F-44AD5A88D8A4}.Debug|Any CPU.ActiveCfg = Debug|Any CPU
		{16B28F01-F2CB-481C-A50F-44AD5A88D8A4}.Debug|Any CPU.Build.0 = Debug|Any CPU
		{16B28F01-F2CB-481C-A50F-44AD5A88D8A4}.Release|Any CPU.ActiveCfg = Release|Any CPU
		{16B28F01-F2CB-481C-A50F-44AD5A88D8A4}.Release|Any CPU.Build.0 = Release|Any CPU
		{7CADFA86-98EA-4C67-8D8E-7F838CAAB31E}.Debug|Any CPU.ActiveCfg = Debug|Any CPU
		{7CADFA86-98EA-4C67-8D8E-7F838CAAB31E}.Debug|Any CPU.Build.0 = Debug|Any CPU
		{7CADFA86-98EA-4C67-8D8E-7F838CAAB31E}.Release|Any CPU.ActiveCfg = Release|Any CPU
		{7CADFA86-98EA-4C67-8D8E-7F838CAAB31E}.Release|Any CPU.Build.0 = Release|Any CPU
		{8586BB47-BBF3-4358-B209-78B30151210F}.Debug|Any CPU.ActiveCfg = Debug|Any CPU
		{8586BB47-BBF3-4358-B209-78B30151210F}.Debug|Any CPU.Build.0 = Debug|Any CPU
		{8586BB47-BBF3-4358-B209-78B30151210F}.Release|Any CPU.ActiveCfg = Release|Any CPU
		{8586BB47-BBF3-4358-B209-78B30151210F}.Release|Any CPU.Build.0 = Release|Any CPU
		{7D8B2F04-8498-495E-9161-552CF99CDE69}.Debug|Any CPU.ActiveCfg = Debug|Any CPU
		{7D8B2F04-8498-495E-9161-552CF99CDE69}.Debug|Any CPU.Build.0 = Debug|Any CPU
		{7D8B2F04-8498-495E-9161-552CF99CDE69}.Release|Any CPU.ActiveCfg = Release|Any CPU
		{7D8B2F04-8498-495E-9161-552CF99CDE69}.Release|Any CPU.Build.0 = Release|Any CPU
	EndGlobalSection
	GlobalSection(NestedProjects) = preSolution
		{C8F010E3-C9E7-4E38-BF3E-3246278F0281} = {9AD7439A-5044-4B14-851C-CE739616BB23}
	EndGlobalSection
EndGlobal
