
Microsoft Visual Studio Solution File, Format Version 12.00
Project("{FAE04EC0-301F-11D3-BF4B-00C04F79EFBC}") = "MT.Api", "MT.Api\MT.Api.csproj", "{EF7BDDCE-3C01-4D2A-ACE8-0CE21B3915CC}"
EndProject
Project("{2150E333-8FDC-42A3-9474-1A3956D46DE8}") = "docs", "docs", "{E75EB02A-78AD-44B7-AC66-450E730D677E}"
	ProjectSection(SolutionItems) = preProject
		docs\masstransit_with_mediator.txt = docs\masstransit_with_mediator.txt
	EndProjectSection
EndProject
Project("{FAE04EC0-301F-11D3-BF4B-00C04F79EFBC}") = "MT.SampleContracts", "MT.SampleContracts\MT.SampleContracts.csproj", "{9FE7AF49-1E2B-46A0-95D6-8C592DEDC6AA}"
EndProject
Project("{FAE04EC0-301F-11D3-BF4B-00C04F79EFBC}") = "MT.SampleComponents", "MT.SampleComponents\MT.SampleComponents.csproj", "{9CD54930-2F6A-4E84-9CD9-97F24BA76632}"
EndProject
Project("{FAE04EC0-301F-11D3-BF4B-00C04F79EFBC}") = "MT.Service", "MT.Service\MT.Service.csproj", "{A1AAD6AC-B9B4-4DAD-A609-E4AF83111E6F}"
EndProject
Project("{2150E333-8FDC-42A3-9474-1A3956D46DE8}") = "Docker", "Docker", "{2C23996A-0F6F-4ED1-8415-E6993869FF9F}"
	ProjectSection(SolutionItems) = preProject
		docker\rabbit\compose.yml = docker\rabbit\compose.yml
	EndProjectSection
EndProject
Global
	GlobalSection(SolutionConfigurationPlatforms) = preSolution
		Debug|Any CPU = Debug|Any CPU
		Release|Any CPU = Release|Any CPU
	EndGlobalSection
	GlobalSection(ProjectConfigurationPlatforms) = postSolution
		{EF7BDDCE-3C01-4D2A-ACE8-0CE21B3915CC}.Debug|Any CPU.ActiveCfg = Debug|Any CPU
		{EF7BDDCE-3C01-4D2A-ACE8-0CE21B3915CC}.Debug|Any CPU.Build.0 = Debug|Any CPU
		{EF7BDDCE-3C01-4D2A-ACE8-0CE21B3915CC}.Release|Any CPU.ActiveCfg = Release|Any CPU
		{EF7BDDCE-3C01-4D2A-ACE8-0CE21B3915CC}.Release|Any CPU.Build.0 = Release|Any CPU
		{9FE7AF49-1E2B-46A0-95D6-8C592DEDC6AA}.Debug|Any CPU.ActiveCfg = Debug|Any CPU
		{9FE7AF49-1E2B-46A0-95D6-8C592DEDC6AA}.Debug|Any CPU.Build.0 = Debug|Any CPU
		{9FE7AF49-1E2B-46A0-95D6-8C592DEDC6AA}.Release|Any CPU.ActiveCfg = Release|Any CPU
		{9FE7AF49-1E2B-46A0-95D6-8C592DEDC6AA}.Release|Any CPU.Build.0 = Release|Any CPU
		{9CD54930-2F6A-4E84-9CD9-97F24BA76632}.Debug|Any CPU.ActiveCfg = Debug|Any CPU
		{9CD54930-2F6A-4E84-9CD9-97F24BA76632}.Debug|Any CPU.Build.0 = Debug|Any CPU
		{9CD54930-2F6A-4E84-9CD9-97F24BA76632}.Release|Any CPU.ActiveCfg = Release|Any CPU
		{9CD54930-2F6A-4E84-9CD9-97F24BA76632}.Release|Any CPU.Build.0 = Release|Any CPU
		{A1AAD6AC-B9B4-4DAD-A609-E4AF83111E6F}.Debug|Any CPU.ActiveCfg = Debug|Any CPU
		{A1AAD6AC-B9B4-4DAD-A609-E4AF83111E6F}.Debug|Any CPU.Build.0 = Debug|Any CPU
		{A1AAD6AC-B9B4-4DAD-A609-E4AF83111E6F}.Release|Any CPU.ActiveCfg = Release|Any CPU
		{A1AAD6AC-B9B4-4DAD-A609-E4AF83111E6F}.Release|Any CPU.Build.0 = Release|Any CPU
	EndGlobalSection
EndGlobal
