
Microsoft Visual Studio Solution File, Format Version 12.00
Project("{FAE04EC0-301F-11D3-BF4B-00C04F79EFBC}") = "MT.Service", "MT.Service\MT.Service.csproj", "{79772005-4667-4BD7-AF81-B029D67B6DF5}"
EndProject
Global
	GlobalSection(SolutionConfigurationPlatforms) = preSolution
		Debug|Any CPU = Debug|Any CPU
		Release|Any CPU = Release|Any CPU
	EndGlobalSection
	GlobalSection(ProjectConfigurationPlatforms) = postSolution
		{79772005-4667-4BD7-AF81-B029D67B6DF5}.Debug|Any CPU.ActiveCfg = Debug|Any CPU
		{79772005-4667-4BD7-AF81-B029D67B6DF5}.Debug|Any CPU.Build.0 = Debug|Any CPU
		{79772005-4667-4BD7-AF81-B029D67B6DF5}.Release|Any CPU.ActiveCfg = Release|Any CPU
		{79772005-4667-4BD7-AF81-B029D67B6DF5}.Release|Any CPU.Build.0 = Release|Any CPU
	EndGlobalSection
EndGlobal
