
Microsoft Visual Studio Solution File, Format Version 12.00
Project("{FAE04EC0-301F-11D3-BF4B-00C04F79EFBC}") = "MT.Api", "MT.Api\MT.Api.csproj", "{EF7BDDCE-3C01-4D2A-ACE8-0CE21B3915CC}"
EndProject
Project("{FAE04EC0-301F-11D3-BF4B-00C04F79EFBC}") = "MT.SampleContracts", "MT.SampleContracts\MT.SampleContracts.csproj", "{9FE7AF49-1E2B-46A0-95D6-8C592DEDC6AA}"
EndProject
Project("{FAE04EC0-301F-11D3-BF4B-00C04F79EFBC}") = "MT.SampleComponents", "MT.SampleComponents\MT.SampleComponents.csproj", "{9CD54930-2F6A-4E84-9CD9-97F24BA76632}"
EndProject
Project("{FAE04EC0-301F-11D3-BF4B-00C04F79EFBC}") = "MT.Service", "MT.Service\MT.Service.csproj", "{A1AAD6AC-B9B4-4DAD-A609-E4AF83111E6F}"
EndProject
Project("{FAE04EC0-301F-11D3-BF4B-00C04F79EFBC}") = "MT.Test", "MT.Test\MT.Test.csproj", "{452FB1A6-865B-4E7B-B90D-7610E21E90C1}"
EndProject
Project("{2150E333-8FDC-42A3-9474-1A3956D46DE8}") = "Warehouse", "Warehouse", "{CCE6CABB-1DA3-4DD8-9BF7-0D9B5699937B}"
EndProject
Project("{FAE04EC0-301F-11D3-BF4B-00C04F79EFBC}") = "Warehouse.Contracts", "Warehouse.Contracts\Warehouse.Contracts.csproj", "{44750DEF-F0B1-427A-8D3C-D88FAAE43FDB}"
EndProject
Project("{FAE04EC0-301F-11D3-BF4B-00C04F79EFBC}") = "Warehouse.Service", "Warehouse.Service\Warehouse.Service.csproj", "{76DDED31-D938-401A-97A0-89BEEDDC4DCE}"
EndProject
Project("{FAE04EC0-301F-11D3-BF4B-00C04F79EFBC}") = "Warehouse.Components", "Warehouse.Components\Warehouse.Components.csproj", "{78736BDB-AA44-4DB2-B243-E3D962F871CF}"
EndProject
Project("{2150E333-8FDC-42A3-9474-1A3956D46DE8}") = "Client", "Client", "{7EBCC372-FDB3-46D0-89E8-CCB8F7EAEE56}"
EndProject
Project("{FAE04EC0-301F-11D3-BF4B-00C04F79EFBC}") = "MT.Client.Console", "MT.Client.Console\MT.Client.Console.csproj", "{4F7D5E7A-DE34-4280-A731-DCD3B0A9EF4C}"
EndProject
Project("{2150E333-8FDC-42A3-9474-1A3956D46DE8}") = "Docker", "Docker", "{0320AF2C-C464-4E19-B6D1-3E2AF3154DD2}"
	ProjectSection(SolutionItems) = preProject
		.dockerignore = .dockerignore
		docker-compose.yml = docker-compose.yml
		Dockerfile-warehouse = Dockerfile-warehouse
		docs\command.txt = docs\command.txt
		prometheus.yml = prometheus.yml
		grafana\datasources.yml = grafana\datasources.yml
	EndProjectSection
EndProject
Project("{2150E333-8FDC-42A3-9474-1A3956D46DE8}") = "Docs", "Docs", "{E6DBC371-49E7-4B23-8FA7-40BAB34DD7B8}"
	ProjectSection(SolutionItems) = preProject
		docs\command.txt = docs\command.txt
	EndProjectSection
EndProject
Project("{2150E333-8FDC-42A3-9474-1A3956D46DE8}") = "Delivery", "Delivery", "{A431ECC2-72AA-4BF9-866D-048E4F4DC80D}"
EndProject
Project("{FAE04EC0-301F-11D3-BF4B-00C04F79EFBC}") = "Delivery.Api", "Delivery.Api\Delivery.Api.csproj", "{D16C1E95-BFCB-4710-B6D0-9BF9902B5271}"
EndProject
Project("{FAE04EC0-301F-11D3-BF4B-00C04F79EFBC}") = "Delivery.Contracts", "Delivery.Contracts\Delivery.Contracts.csproj", "{06D6F1A0-3995-4AB5-9DAC-938EA0186A82}"
EndProject
Project("{FAE04EC0-301F-11D3-BF4B-00C04F79EFBC}") = "Delivery.Components", "Delivery.Components\Delivery.Components.csproj", "{80EF9F42-F40B-4791-95EC-FEC28A15FB1D}"
EndProject
Project("{FAE04EC0-301F-11D3-BF4B-00C04F79EFBC}") = "Delivery.Service", "Delivery.Service\Delivery.Service.csproj", "{E231A96F-FBC3-4DEC-A09D-583F4B4CF9A2}"
EndProject
Project("{FAE04EC0-301F-11D3-BF4B-00C04F79EFBC}") = "Delivery.CurierService", "Delivery.CurierService\Delivery.CurierService.csproj", "{FBC87888-DACF-42FD-A12F-C1D7EFCD39A2}"
EndProject
Global
	GlobalSection(SolutionConfigurationPlatforms) = preSolution
		Debug|Any CPU = Debug|Any CPU
		Release|Any CPU = Release|Any CPU
	EndGlobalSection
	GlobalSection(ProjectConfigurationPlatforms) = postSolution
		{EF7BDDCE-3C01-4D2A-ACE8-0CE21B3915CC}.Debug|Any CPU.ActiveCfg = Debug|Any CPU
		{EF7BDDCE-3C01-4D2A-ACE8-0CE21B3915CC}.Debug|Any CPU.Build.0 = Debug|Any CPU
		{EF7BDDCE-3C01-4D2A-ACE8-0CE21B3915CC}.Release|Any CPU.ActiveCfg = Release|Any CPU
		{EF7BDDCE-3C01-4D2A-ACE8-0CE21B3915CC}.Release|Any CPU.Build.0 = Release|Any CPU
		{9FE7AF49-1E2B-46A0-95D6-8C592DEDC6AA}.Debug|Any CPU.ActiveCfg = Debug|Any CPU
		{9FE7AF49-1E2B-46A0-95D6-8C592DEDC6AA}.Debug|Any CPU.Build.0 = Debug|Any CPU
		{9FE7AF49-1E2B-46A0-95D6-8C592DEDC6AA}.Release|Any CPU.ActiveCfg = Release|Any CPU
		{9FE7AF49-1E2B-46A0-95D6-8C592DEDC6AA}.Release|Any CPU.Build.0 = Release|Any CPU
		{9CD54930-2F6A-4E84-9CD9-97F24BA76632}.Debug|Any CPU.ActiveCfg = Debug|Any CPU
		{9CD54930-2F6A-4E84-9CD9-97F24BA76632}.Debug|Any CPU.Build.0 = Debug|Any CPU
		{9CD54930-2F6A-4E84-9CD9-97F24BA76632}.Release|Any CPU.ActiveCfg = Release|Any CPU
		{9CD54930-2F6A-4E84-9CD9-97F24BA76632}.Release|Any CPU.Build.0 = Release|Any CPU
		{A1AAD6AC-B9B4-4DAD-A609-E4AF83111E6F}.Debug|Any CPU.ActiveCfg = Debug|Any CPU
		{A1AAD6AC-B9B4-4DAD-A609-E4AF83111E6F}.Debug|Any CPU.Build.0 = Debug|Any CPU
		{A1AAD6AC-B9B4-4DAD-A609-E4AF83111E6F}.Release|Any CPU.ActiveCfg = Release|Any CPU
		{A1AAD6AC-B9B4-4DAD-A609-E4AF83111E6F}.Release|Any CPU.Build.0 = Release|Any CPU
		{452FB1A6-865B-4E7B-B90D-7610E21E90C1}.Debug|Any CPU.ActiveCfg = Debug|Any CPU
		{452FB1A6-865B-4E7B-B90D-7610E21E90C1}.Debug|Any CPU.Build.0 = Debug|Any CPU
		{452FB1A6-865B-4E7B-B90D-7610E21E90C1}.Release|Any CPU.ActiveCfg = Release|Any CPU
		{452FB1A6-865B-4E7B-B90D-7610E21E90C1}.Release|Any CPU.Build.0 = Release|Any CPU
		{44750DEF-F0B1-427A-8D3C-D88FAAE43FDB}.Debug|Any CPU.ActiveCfg = Debug|Any CPU
		{44750DEF-F0B1-427A-8D3C-D88FAAE43FDB}.Debug|Any CPU.Build.0 = Debug|Any CPU
		{44750DEF-F0B1-427A-8D3C-D88FAAE43FDB}.Release|Any CPU.ActiveCfg = Release|Any CPU
		{44750DEF-F0B1-427A-8D3C-D88FAAE43FDB}.Release|Any CPU.Build.0 = Release|Any CPU
		{76DDED31-D938-401A-97A0-89BEEDDC4DCE}.Debug|Any CPU.ActiveCfg = Debug|Any CPU
		{76DDED31-D938-401A-97A0-89BEEDDC4DCE}.Debug|Any CPU.Build.0 = Debug|Any CPU
		{76DDED31-D938-401A-97A0-89BEEDDC4DCE}.Release|Any CPU.ActiveCfg = Release|Any CPU
		{76DDED31-D938-401A-97A0-89BEEDDC4DCE}.Release|Any CPU.Build.0 = Release|Any CPU
		{78736BDB-AA44-4DB2-B243-E3D962F871CF}.Debug|Any CPU.ActiveCfg = Debug|Any CPU
		{78736BDB-AA44-4DB2-B243-E3D962F871CF}.Debug|Any CPU.Build.0 = Debug|Any CPU
		{78736BDB-AA44-4DB2-B243-E3D962F871CF}.Release|Any CPU.ActiveCfg = Release|Any CPU
		{78736BDB-AA44-4DB2-B243-E3D962F871CF}.Release|Any CPU.Build.0 = Release|Any CPU
		{4F7D5E7A-DE34-4280-A731-DCD3B0A9EF4C}.Debug|Any CPU.ActiveCfg = Debug|Any CPU
		{4F7D5E7A-DE34-4280-A731-DCD3B0A9EF4C}.Debug|Any CPU.Build.0 = Debug|Any CPU
		{4F7D5E7A-DE34-4280-A731-DCD3B0A9EF4C}.Release|Any CPU.ActiveCfg = Release|Any CPU
		{4F7D5E7A-DE34-4280-A731-DCD3B0A9EF4C}.Release|Any CPU.Build.0 = Release|Any CPU
		{D16C1E95-BFCB-4710-B6D0-9BF9902B5271}.Debug|Any CPU.ActiveCfg = Debug|Any CPU
		{D16C1E95-BFCB-4710-B6D0-9BF9902B5271}.Debug|Any CPU.Build.0 = Debug|Any CPU
		{D16C1E95-BFCB-4710-B6D0-9BF9902B5271}.Release|Any CPU.ActiveCfg = Release|Any CPU
		{D16C1E95-BFCB-4710-B6D0-9BF9902B5271}.Release|Any CPU.Build.0 = Release|Any CPU
		{06D6F1A0-3995-4AB5-9DAC-938EA0186A82}.Debug|Any CPU.ActiveCfg = Debug|Any CPU
		{06D6F1A0-3995-4AB5-9DAC-938EA0186A82}.Debug|Any CPU.Build.0 = Debug|Any CPU
		{06D6F1A0-3995-4AB5-9DAC-938EA0186A82}.Release|Any CPU.ActiveCfg = Release|Any CPU
		{06D6F1A0-3995-4AB5-9DAC-938EA0186A82}.Release|Any CPU.Build.0 = Release|Any CPU
		{80EF9F42-F40B-4791-95EC-FEC28A15FB1D}.Debug|Any CPU.ActiveCfg = Debug|Any CPU
		{80EF9F42-F40B-4791-95EC-FEC28A15FB1D}.Debug|Any CPU.Build.0 = Debug|Any CPU
		{80EF9F42-F40B-4791-95EC-FEC28A15FB1D}.Release|Any CPU.ActiveCfg = Release|Any CPU
		{80EF9F42-F40B-4791-95EC-FEC28A15FB1D}.Release|Any CPU.Build.0 = Release|Any CPU
		{E231A96F-FBC3-4DEC-A09D-583F4B4CF9A2}.Debug|Any CPU.ActiveCfg = Debug|Any CPU
		{E231A96F-FBC3-4DEC-A09D-583F4B4CF9A2}.Debug|Any CPU.Build.0 = Debug|Any CPU
		{E231A96F-FBC3-4DEC-A09D-583F4B4CF9A2}.Release|Any CPU.ActiveCfg = Release|Any CPU
		{E231A96F-FBC3-4DEC-A09D-583F4B4CF9A2}.Release|Any CPU.Build.0 = Release|Any CPU
		{FBC87888-DACF-42FD-A12F-C1D7EFCD39A2}.Debug|Any CPU.ActiveCfg = Debug|Any CPU
		{FBC87888-DACF-42FD-A12F-C1D7EFCD39A2}.Debug|Any CPU.Build.0 = Debug|Any CPU
		{FBC87888-DACF-42FD-A12F-C1D7EFCD39A2}.Release|Any CPU.ActiveCfg = Release|Any CPU
		{FBC87888-DACF-42FD-A12F-C1D7EFCD39A2}.Release|Any CPU.Build.0 = Release|Any CPU
	EndGlobalSection
	GlobalSection(NestedProjects) = preSolution
		{44750DEF-F0B1-427A-8D3C-D88FAAE43FDB} = {CCE6CABB-1DA3-4DD8-9BF7-0D9B5699937B}
		{76DDED31-D938-401A-97A0-89BEEDDC4DCE} = {CCE6CABB-1DA3-4DD8-9BF7-0D9B5699937B}
		{78736BDB-AA44-4DB2-B243-E3D962F871CF} = {CCE6CABB-1DA3-4DD8-9BF7-0D9B5699937B}
		{4F7D5E7A-DE34-4280-A731-DCD3B0A9EF4C} = {7EBCC372-FDB3-46D0-89E8-CCB8F7EAEE56}
		{D16C1E95-BFCB-4710-B6D0-9BF9902B5271} = {A431ECC2-72AA-4BF9-866D-048E4F4DC80D}
		{06D6F1A0-3995-4AB5-9DAC-938EA0186A82} = {A431ECC2-72AA-4BF9-866D-048E4F4DC80D}
		{80EF9F42-F40B-4791-95EC-FEC28A15FB1D} = {A431ECC2-72AA-4BF9-866D-048E4F4DC80D}
		{E231A96F-FBC3-4DEC-A09D-583F4B4CF9A2} = {A431ECC2-72AA-4BF9-866D-048E4F4DC80D}
		{FBC87888-DACF-42FD-A12F-C1D7EFCD39A2} = {A431ECC2-72AA-4BF9-866D-048E4F4DC80D}
	EndGlobalSection
EndGlobal
