
Microsoft Visual Studio Solution File, Format Version 12.00
Project("{FAE04EC0-301F-11D3-BF4B-00C04F79EFBC}") = "Rabbit.Details", "Rabbit.Details\Rabbit.Details.csproj", "{3AF0D4A6-C3E1-44F6-A1F1-B13764AE2042}"
EndProject
Global
	GlobalSection(SolutionConfigurationPlatforms) = preSolution
		Debug|Any CPU = Debug|Any CPU
		Release|Any CPU = Release|Any CPU
	EndGlobalSection
	GlobalSection(ProjectConfigurationPlatforms) = postSolution
		{3AF0D4A6-C3E1-44F6-A1F1-B13764AE2042}.Debug|Any CPU.ActiveCfg = Debug|Any CPU
		{3AF0D4A6-C3E1-44F6-A1F1-B13764AE2042}.Debug|Any CPU.Build.0 = Debug|Any CPU
		{3AF0D4A6-C3E1-44F6-A1F1-B13764AE2042}.Release|Any CPU.ActiveCfg = Release|Any CPU
		{3AF0D4A6-C3E1-44F6-A1F1-B13764AE2042}.Release|Any CPU.Build.0 = Release|Any CPU
	EndGlobalSection
EndGlobal
