
Microsoft Visual Studio Solution File, Format Version 12.00
Project("{FAE04EC0-301F-11D3-BF4B-00C04F79EFBC}") = "App", "App\App.csproj", "{25833324-AF3B-435A-B6C4-30DDF4D1EA75}"
EndProject
Project("{FAE04EC0-301F-11D3-BF4B-00C04F79EFBC}") = "Benchy", "Benchy\Benchy.csproj", "{5B2FB8AF-29E5-44F2-B9A6-AC2B554CE76A}"
EndProject
Project("{FAE04EC0-301F-11D3-BF4B-00C04F79EFBC}") = "HideMethods", "HideMethods\HideMethods.csproj", "{2A6FE947-FF29-4425-ABFE-543A2F59BA95}"
EndProject
Global
	GlobalSection(SolutionConfigurationPlatforms) = preSolution
		Debug|Any CPU = Debug|Any CPU
		Release|Any CPU = Release|Any CPU
	EndGlobalSection
	GlobalSection(ProjectConfigurationPlatforms) = postSolution
		{25833324-AF3B-435A-B6C4-30DDF4D1EA75}.Debug|Any CPU.ActiveCfg = Debug|Any CPU
		{25833324-AF3B-435A-B6C4-30DDF4D1EA75}.Debug|Any CPU.Build.0 = Debug|Any CPU
		{25833324-AF3B-435A-B6C4-30DDF4D1EA75}.Release|Any CPU.ActiveCfg = Release|Any CPU
		{25833324-AF3B-435A-B6C4-30DDF4D1EA75}.Release|Any CPU.Build.0 = Release|Any CPU
		{5B2FB8AF-29E5-44F2-B9A6-AC2B554CE76A}.Debug|Any CPU.ActiveCfg = Debug|Any CPU
		{5B2FB8AF-29E5-44F2-B9A6-AC2B554CE76A}.Debug|Any CPU.Build.0 = Debug|Any CPU
		{5B2FB8AF-29E5-44F2-B9A6-AC2B554CE76A}.Release|Any CPU.ActiveCfg = Release|Any CPU
		{5B2FB8AF-29E5-44F2-B9A6-AC2B554CE76A}.Release|Any CPU.Build.0 = Release|Any CPU
		{2A6FE947-FF29-4425-ABFE-543A2F59BA95}.Debug|Any CPU.ActiveCfg = Debug|Any CPU
		{2A6FE947-FF29-4425-ABFE-543A2F59BA95}.Debug|Any CPU.Build.0 = Debug|Any CPU
		{2A6FE947-FF29-4425-ABFE-543A2F59BA95}.Release|Any CPU.ActiveCfg = Release|Any CPU
		{2A6FE947-FF29-4425-ABFE-543A2F59BA95}.Release|Any CPU.Build.0 = Release|Any CPU
	EndGlobalSection
EndGlobal
