
Microsoft Visual Studio Solution File, Format Version 12.00
Project("{2150E333-8FDC-42A3-9474-1A3956D46DE8}") = "Shop", "Shop", "{29955F41-A7D7-4481-8313-643354BE08C8}"
EndProject
Project("{2150E333-8FDC-42A3-9474-1A3956D46DE8}") = "Delivery", "Delivery", "{9D1E2C26-4578-49D8-9BE8-D862F5AD2130}"
EndProject
Project("{2150E333-8FDC-42A3-9474-1A3956D46DE8}") = "SeedWork", "SeedWork", "{1A824A29-D0B5-4DC1-AAAD-CCEA3167006B}"
EndProject
Project("{FAE04EC0-301F-11D3-BF4B-00C04F79EFBC}") = "WM.Microservices.Delivery.Api", "WM.Microservices.Delivery.Api\WM.Microservices.Delivery.Api.csproj", "{2DA65A56-D101-422A-8DD9-1B4126D60DDA}"
EndProject
Project("{FAE04EC0-301F-11D3-BF4B-00C04F79EFBC}") = "WM.Microservices.Shop.Api", "WM.Microservices.Shop.Api\WM.Microservices.Shop.Api.csproj", "{84022AED-B5B3-4C49-B5B1-E967FEEE5B74}"
EndProject
Project("{FAE04EC0-301F-11D3-BF4B-00C04F79EFBC}") = "WM.Microservices.Seedwork", "WM.Microservices.Seedwork\WM.Microservices.Seedwork.csproj", "{C3A59222-EE9E-4F6B-AF85-0A7811A65901}"
EndProject
Project("{2150E333-8FDC-42A3-9474-1A3956D46DE8}") = "K8s", "K8s", "{BFE0BAE4-C002-44BD-8652-4D6550345F7B}"
	ProjectSection(SolutionItems) = preProject
		K8s\shop-ms-depl.yaml = K8s\shop-ms-depl.yaml
		K8s\shop-np-srv.yaml = K8s\shop-np-srv.yaml
	EndProjectSection
EndProject
Global
	GlobalSection(SolutionConfigurationPlatforms) = preSolution
		Debug|Any CPU = Debug|Any CPU
		Release|Any CPU = Release|Any CPU
	EndGlobalSection
	GlobalSection(NestedProjects) = preSolution
		{2DA65A56-D101-422A-8DD9-1B4126D60DDA} = {9D1E2C26-4578-49D8-9BE8-D862F5AD2130}
		{84022AED-B5B3-4C49-B5B1-E967FEEE5B74} = {29955F41-A7D7-4481-8313-643354BE08C8}
		{C3A59222-EE9E-4F6B-AF85-0A7811A65901} = {1A824A29-D0B5-4DC1-AAAD-CCEA3167006B}
	EndGlobalSection
	GlobalSection(ProjectConfigurationPlatforms) = postSolution
		{2DA65A56-D101-422A-8DD9-1B4126D60DDA}.Debug|Any CPU.ActiveCfg = Debug|Any CPU
		{2DA65A56-D101-422A-8DD9-1B4126D60DDA}.Debug|Any CPU.Build.0 = Debug|Any CPU
		{2DA65A56-D101-422A-8DD9-1B4126D60DDA}.Release|Any CPU.ActiveCfg = Release|Any CPU
		{2DA65A56-D101-422A-8DD9-1B4126D60DDA}.Release|Any CPU.Build.0 = Release|Any CPU
		{84022AED-B5B3-4C49-B5B1-E967FEEE5B74}.Debug|Any CPU.ActiveCfg = Debug|Any CPU
		{84022AED-B5B3-4C49-B5B1-E967FEEE5B74}.Debug|Any CPU.Build.0 = Debug|Any CPU
		{84022AED-B5B3-4C49-B5B1-E967FEEE5B74}.Release|Any CPU.ActiveCfg = Release|Any CPU
		{84022AED-B5B3-4C49-B5B1-E967FEEE5B74}.Release|Any CPU.Build.0 = Release|Any CPU
		{C3A59222-EE9E-4F6B-AF85-0A7811A65901}.Debug|Any CPU.ActiveCfg = Debug|Any CPU
		{C3A59222-EE9E-4F6B-AF85-0A7811A65901}.Debug|Any CPU.Build.0 = Debug|Any CPU
		{C3A59222-EE9E-4F6B-AF85-0A7811A65901}.Release|Any CPU.ActiveCfg = Release|Any CPU
		{C3A59222-EE9E-4F6B-AF85-0A7811A65901}.Release|Any CPU.Build.0 = Release|Any CPU
	EndGlobalSection
EndGlobal
